
Microsoft Visual Studio Solution File, Format Version 12.00
# Visual Studio Version 16
VisualStudioVersion = 16.0.31019.35
MinimumVisualStudioVersion = 10.0.40219.1
Project("{FAE04EC0-301F-11D3-BF4B-00C04F79EFBC}") = "RouletteGame", "RouletteGame\RouletteGame.csproj", "{6CF3C985-F320-40D9-A9DB-416D92748727}"
EndProject
Project("{FAE04EC0-301F-11D3-BF4B-00C04F79EFBC}") = "GameTesting", "GameTesting\GameTesting.csproj", "{53FE8A90-1D76-4290-B4C6-289B4959BBEE}"
EndProject
Global
	GlobalSection(SolutionConfigurationPlatforms) = preSolution
		Debug|Any CPU = Debug|Any CPU
		Release|Any CPU = Release|Any CPU
	EndGlobalSection
	GlobalSection(ProjectConfigurationPlatforms) = postSolution
		{6CF3C985-F320-40D9-A9DB-416D92748727}.Debug|Any CPU.ActiveCfg = Debug|Any CPU
		{6CF3C985-F320-40D9-A9DB-416D92748727}.Debug|Any CPU.Build.0 = Debug|Any CPU
		{6CF3C985-F320-40D9-A9DB-416D92748727}.Release|Any CPU.ActiveCfg = Release|Any CPU
		{6CF3C985-F320-40D9-A9DB-416D92748727}.Release|Any CPU.Build.0 = Release|Any CPU
		{53FE8A90-1D76-4290-B4C6-289B4959BBEE}.Debug|Any CPU.ActiveCfg = Debug|Any CPU
		{53FE8A90-1D76-4290-B4C6-289B4959BBEE}.Debug|Any CPU.Build.0 = Debug|Any CPU
		{53FE8A90-1D76-4290-B4C6-289B4959BBEE}.Release|Any CPU.ActiveCfg = Release|Any CPU
		{53FE8A90-1D76-4290-B4C6-289B4959BBEE}.Release|Any CPU.Build.0 = Release|Any CPU
	EndGlobalSection
	GlobalSection(SolutionProperties) = preSolution
		HideSolutionNode = FALSE
	EndGlobalSection
	GlobalSection(ExtensibilityGlobals) = postSolution
		SolutionGuid = {235B3907-756A-4F0F-B85C-5E748D7FC0C9}
	EndGlobalSection
EndGlobal
